{
  "version": 4,
  "terraform_version": "1.3.7",
  "serial": 6,
  "lineage": "ce29105b-7e60-629c-d3e3-dd3e13382ec4",
  "outputs": {
    "avsetid": {
      "value": "/subscriptions/b56cb29a-c6da-4eca-9096-087539f2b7ac/resourceGroups/ResourceGroup-1/providers/Microsoft.Compute/availabilitySets/AvailabiltiSet4",
      "type": "string"
    }
  },
  "resources": [
    {
      "mode": "managed",
      "type": "azurerm_availability_set",
      "name": "AVSET1",
      "provider": "provider[\"registry.terraform.io/hashicorp/azurerm\"]",
      "instances": [
        {
          "schema_version": 0,
          "attributes": {
            "id": "/subscriptions/b56cb29a-c6da-4eca-9096-087539f2b7ac/resourceGroups/ResourceGroup-1/providers/Microsoft.Compute/availabilitySets/AvailabiltiSet1",
            "location": "westeurope",
            "managed": true,
            "name": "AvailabiltiSet1",
            "platform_fault_domain_count": 2,
            "platform_update_domain_count": 6,
            "proximity_placement_group_id": null,
            "resource_group_name": "ResourceGroup-1",
            "tags": {},
            "timeouts": null
          },
          "sensitive_attributes": [],
          "private": "eyJlMmJmYjczMC1lY2FhLTExZTYtOGY4OC0zNDM2M2JjN2M0YzAiOnsiY3JlYXRlIjoxODAwMDAwMDAwMDAwLCJkZWxldGUiOjE4MDAwMDAwMDAwMDAsInJlYWQiOjMwMDAwMDAwMDAwMCwidXBkYXRlIjoxODAwMDAwMDAwMDAwfX0="
        }
      ]
    },
    {
      "mode": "managed",
      "type": "azurerm_availability_set",
      "name": "AVSET2",
      "provider": "provider[\"registry.terraform.io/hashicorp/azurerm\"]",
      "instances": [
        {
          "schema_version": 0,
          "attributes": {
            "id": "/subscriptions/b56cb29a-c6da-4eca-9096-087539f2b7ac/resourceGroups/ResourceGroup-1/providers/Microsoft.Compute/availabilitySets/AvailabiltiSet2",
            "location": "westeurope",
            "managed": true,
            "name": "AvailabiltiSet2",
            "platform_fault_domain_count": 2,
            "platform_update_domain_count": 6,
            "proximity_placement_group_id": null,
            "resource_group_name": "ResourceGroup-1",
            "tags": {},
            "timeouts": null
          },
          "sensitive_attributes": [],
          "private": "eyJlMmJmYjczMC1lY2FhLTExZTYtOGY4OC0zNDM2M2JjN2M0YzAiOnsiY3JlYXRlIjoxODAwMDAwMDAwMDAwLCJkZWxldGUiOjE4MDAwMDAwMDAwMDAsInJlYWQiOjMwMDAwMDAwMDAwMCwidXBkYXRlIjoxODAwMDAwMDAwMDAwfX0="
        }
      ]
    },
    {
      "mode": "managed",
      "type": "azurerm_availability_set",
      "name": "AVSET3",
      "provider": "provider[\"registry.terraform.io/hashicorp/azurerm\"]",
      "instances": [
        {
          "schema_version": 0,
          "attributes": {
            "id": "/subscriptions/b56cb29a-c6da-4eca-9096-087539f2b7ac/resourceGroups/ResourceGroup-1/providers/Microsoft.Compute/availabilitySets/AvailabiltiSet3",
            "location": "westeurope",
            "managed": true,
            "name": "AvailabiltiSet3",
            "platform_fault_domain_count": 2,
            "platform_update_domain_count": 6,
            "proximity_placement_group_id": null,
            "resource_group_name": "ResourceGroup-1",
            "tags": {},
            "timeouts": null
          },
          "sensitive_attributes": [],
          "private": "eyJlMmJmYjczMC1lY2FhLTExZTYtOGY4OC0zNDM2M2JjN2M0YzAiOnsiY3JlYXRlIjoxODAwMDAwMDAwMDAwLCJkZWxldGUiOjE4MDAwMDAwMDAwMDAsInJlYWQiOjMwMDAwMDAwMDAwMCwidXBkYXRlIjoxODAwMDAwMDAwMDAwfX0="
        }
      ]
    },
    {
      "mode": "managed",
      "type": "azurerm_availability_set",
      "name": "AVSET4",
      "provider": "provider[\"registry.terraform.io/hashicorp/azurerm\"]",
      "instances": [
        {
          "schema_version": 0,
          "attributes": {
            "id": "/subscriptions/b56cb29a-c6da-4eca-9096-087539f2b7ac/resourceGroups/ResourceGroup-1/providers/Microsoft.Compute/availabilitySets/AvailabiltiSet4",
            "location": "westeurope",
            "managed": true,
            "name": "AvailabiltiSet4",
            "platform_fault_domain_count": 2,
            "platform_update_domain_count": 6,
            "proximity_placement_group_id": null,
            "resource_group_name": "ResourceGroup-1",
            "tags": null,
            "timeouts": null
          },
          "sensitive_attributes": [],
          "private": "eyJlMmJmYjczMC1lY2FhLTExZTYtOGY4OC0zNDM2M2JjN2M0YzAiOnsiY3JlYXRlIjoxODAwMDAwMDAwMDAwLCJkZWxldGUiOjE4MDAwMDAwMDAwMDAsInJlYWQiOjMwMDAwMDAwMDAwMCwidXBkYXRlIjoxODAwMDAwMDAwMDAwfX0="
        }
      ]
    }
  ],
  "check_results": null
}
