{
  "version": 4,
  "terraform_version": "1.3.7",
  "serial": 6,
  "lineage": "687a76bd-dfdf-dc13-8651-7d07367f9588",
  "outputs": {
    "DevSubnet": {
      "value": "/subscriptions/b56cb29a-c6da-4eca-9096-087539f2b7ac/resourceGroups/ResourceGroup-1/providers/Microsoft.Network/virtualNetworks/virtualNetwork1/subnets/Dev",
      "type": "string"
    },
    "ProdSubnet": {
      "value": "/subscriptions/b56cb29a-c6da-4eca-9096-087539f2b7ac/resourceGroups/ResourceGroup-1/providers/Microsoft.Network/virtualNetworks/virtualNetwork1/subnets/Prod",
      "type": "string"
    }
  },
  "resources": [
    {
      "mode": "managed",
      "type": "azurerm_subnet",
      "name": "subnet1",
      "provider": "provider[\"registry.terraform.io/hashicorp/azurerm\"]",
      "instances": [
        {
          "schema_version": 0,
          "attributes": {
            "address_prefixes": [
              "10.0.1.0/24"
            ],
            "delegation": [],
            "enforce_private_link_endpoint_network_policies": false,
            "enforce_private_link_service_network_policies": false,
            "id": "/subscriptions/b56cb29a-c6da-4eca-9096-087539f2b7ac/resourceGroups/ResourceGroup-1/providers/Microsoft.Network/virtualNetworks/virtualNetwork1/subnets/Prod",
            "name": "Prod",
            "private_endpoint_network_policies_enabled": true,
            "private_link_service_network_policies_enabled": true,
            "resource_group_name": "ResourceGroup-1",
            "service_endpoint_policy_ids": [],
            "service_endpoints": [],
            "timeouts": null,
            "virtual_network_name": "virtualNetwork1"
          },
          "sensitive_attributes": [],
          "private": "eyJlMmJmYjczMC1lY2FhLTExZTYtOGY4OC0zNDM2M2JjN2M0YzAiOnsiY3JlYXRlIjoxODAwMDAwMDAwMDAwLCJkZWxldGUiOjE4MDAwMDAwMDAwMDAsInJlYWQiOjMwMDAwMDAwMDAwMCwidXBkYXRlIjoxODAwMDAwMDAwMDAwfX0="
        }
      ]
    },
    {
      "mode": "managed",
      "type": "azurerm_subnet",
      "name": "subnet2",
      "provider": "provider[\"registry.terraform.io/hashicorp/azurerm\"]",
      "instances": [
        {
          "schema_version": 0,
          "attributes": {
            "address_prefixes": [
              "10.0.2.0/24"
            ],
            "delegation": [],
            "enforce_private_link_endpoint_network_policies": false,
            "enforce_private_link_service_network_policies": false,
            "id": "/subscriptions/b56cb29a-c6da-4eca-9096-087539f2b7ac/resourceGroups/ResourceGroup-1/providers/Microsoft.Network/virtualNetworks/virtualNetwork1/subnets/Dev",
            "name": "Dev",
            "private_endpoint_network_policies_enabled": true,
            "private_link_service_network_policies_enabled": true,
            "resource_group_name": "ResourceGroup-1",
            "service_endpoint_policy_ids": [],
            "service_endpoints": [],
            "timeouts": null,
            "virtual_network_name": "virtualNetwork1"
          },
          "sensitive_attributes": [],
          "private": "eyJlMmJmYjczMC1lY2FhLTExZTYtOGY4OC0zNDM2M2JjN2M0YzAiOnsiY3JlYXRlIjoxODAwMDAwMDAwMDAwLCJkZWxldGUiOjE4MDAwMDAwMDAwMDAsInJlYWQiOjMwMDAwMDAwMDAwMCwidXBkYXRlIjoxODAwMDAwMDAwMDAwfX0="
        }
      ]
    }
  ],
  "check_results": null
}
